
Microsoft Visual Studio Solution File, Format Version 12.00
# Visual Studio Version 17
VisualStudioVersion = 17.3.32811.315
MinimumVisualStudioVersion = 10.0.40219.1
Project("{FAE04EC0-301F-11D3-BF4B-00C04F79EFBC}") = "HomeWork6", "HomeWork6\HomeWork6.csproj", "{AA664135-4CE6-42FA-94C3-008780AA86B2}"
EndProject
Global
	GlobalSection(SolutionConfigurationPlatforms) = preSolution
		Debug|Any CPU = Debug|Any CPU
		Release|Any CPU = Release|Any CPU
	EndGlobalSection
	GlobalSection(ProjectConfigurationPlatforms) = postSolution
		{AA664135-4CE6-42FA-94C3-008780AA86B2}.Debug|Any CPU.ActiveCfg = Debug|Any CPU
		{AA664135-4CE6-42FA-94C3-008780AA86B2}.Debug|Any CPU.Build.0 = Debug|Any CPU
		{AA664135-4CE6-42FA-94C3-008780AA86B2}.Release|Any CPU.ActiveCfg = Release|Any CPU
		{AA664135-4CE6-42FA-94C3-008780AA86B2}.Release|Any CPU.Build.0 = Release|Any CPU
	EndGlobalSection
	GlobalSection(SolutionProperties) = preSolution
		HideSolutionNode = FALSE
	EndGlobalSection
	GlobalSection(ExtensibilityGlobals) = postSolution
		SolutionGuid = {9F511519-C6F6-4CC3-86C6-7F2E1AE88A60}
	EndGlobalSection
EndGlobal
